PODS:
  - MASFoundation (1.5.00)
  - MASUI (1.5.00):
    - MASFoundation (= 1.5.00)

DEPENDENCIES:
  - MASFoundation (~> 1.5.00)
  - MASUI (~> 1.5.00)

SPEC CHECKSUMS:
  MASFoundation: c1951d902893e1f66e1fdea144adbff303fe829c
  MASUI: d7a50423a15361d773b46c75ab6ab61dd389774c

PODFILE CHECKSUM: cb74b4f9041afffd30acfb117fd807e9f5bcface

COCOAPODS: 1.1.0
